// !$*UTF8*$!
{
	archiveVersion = 1;
	classes = {
	};
	objectVersion = 50;
	objects = {

/* Begin PBXBuildFile section */
		3409B0AD22582AE400699CB7 /* HomeViewController.swift in Sources */ = {isa = PBXBuildFile; fileRef = 3409B0AC22582AE400699CB7 /* HomeViewController.swift */; };
		3409B0B1225836EC00699CB7 /* PostWrapper.swift in Sources */ = {isa = PBXBuildFile; fileRef = 3409B0B0225836EC00699CB7 /* PostWrapper.swift */; };
		3458C74D2266A91E00905DA4 /* MyRoutesTableViewController.swift in Sources */ = {isa = PBXBuildFile; fileRef = 3458C74C2266A91E00905DA4 /* MyRoutesTableViewController.swift */; };
		3458C7512266B70000905DA4 /* WebViewController.swift in Sources */ = {isa = PBXBuildFile; fileRef = 3458C7502266B70000905DA4 /* WebViewController.swift */; };
		348F4E65223F12B9002BBD47 /* CheckBox.swift in Sources */ = {isa = PBXBuildFile; fileRef = 348F4E64223F12B9002BBD47 /* CheckBox.swift */; };
		348F4E67223F12D2002BBD47 /* RadioButton.swift in Sources */ = {isa = PBXBuildFile; fileRef = 348F4E66223F12D2002BBD47 /* RadioButton.swift */; };
		34937D232238945D0026CEE9 /* RouteTrackingViewController.swift in Sources */ = {isa = PBXBuildFile; fileRef = 34937D1E2238945C0026CEE9 /* RouteTrackingViewController.swift */; };
		34937D242238945D0026CEE9 /* ProfileViewController.swift in Sources */ = {isa = PBXBuildFile; fileRef = 34937D1F2238945C0026CEE9 /* ProfileViewController.swift */; };
		34937D252238945D0026CEE9 /* SignUpInViewController.swift in Sources */ = {isa = PBXBuildFile; fileRef = 34937D202238945C0026CEE9 /* SignUpInViewController.swift */; };
		34937D262238945D0026CEE9 /* CameraViewController.swift in Sources */ = {isa = PBXBuildFile; fileRef = 34937D212238945C0026CEE9 /* CameraViewController.swift */; };
		34937D272238945D0026CEE9 /* SignInViewController.swift in Sources */ = {isa = PBXBuildFile; fileRef = 34937D222238945D0026CEE9 /* SignInViewController.swift */; };
		34937D29223894D30026CEE9 /* PostViewController.swift in Sources */ = {isa = PBXBuildFile; fileRef = 34937D28223894D30026CEE9 /* PostViewController.swift */; };
		34937D2B223894FA0026CEE9 /* MyPostViewController.swift in Sources */ = {isa = PBXBuildFile; fileRef = 34937D2A223894FA0026CEE9 /* MyPostViewController.swift */; };
		34937D2D223895400026CEE9 /* EditPostViewController.swift in Sources */ = {isa = PBXBuildFile; fileRef = 34937D2C223895400026CEE9 /* EditPostViewController.swift */; };
		349C8A192230A6B1005AB6B8 /* HealthKit.framework in Frameworks */ = {isa = PBXBuildFile; fileRef = 349C8A182230A6B1005AB6B8 /* HealthKit.framework */; };
		349C8A1C2230B0B9005AB6B8 /* RouteTrack.swift in Sources */ = {isa = PBXBuildFile; fileRef = 349C8A1B2230B0B9005AB6B8 /* RouteTrack.swift */; };
		349C8A1E2230B15B005AB6B8 /* Location.swift in Sources */ = {isa = PBXBuildFile; fileRef = 349C8A1D2230B15B005AB6B8 /* Location.swift */; };
		34A66FEA2235A84600C4FBCE /* MapKit.framework in Frameworks */ = {isa = PBXBuildFile; fileRef = 34A66FE92235A84600C4FBCE /* MapKit.framework */; };
		34AD657E2263CDD100F76F88 /* AuthViewController.swift in Sources */ = {isa = PBXBuildFile; fileRef = 34AD657D2263CDD100F76F88 /* AuthViewController.swift */; };
		34AD65822264055700F76F88 /* SavedRoutesTableViewController.swift in Sources */ = {isa = PBXBuildFile; fileRef = 34AD65812264055700F76F88 /* SavedRoutesTableViewController.swift */; };
		34F160742268071F0098F491 /* Le Castle Vania - Freak.mp3 in Resources */ = {isa = PBXBuildFile; fileRef = 34F160732268071F0098F491 /* Le Castle Vania - Freak.mp3 */; };
		34F8B512224C52DD00853F8D /* RouteTableViewController.swift in Sources */ = {isa = PBXBuildFile; fileRef = 34F8B511224C52DD00853F8D /* RouteTableViewController.swift */; };
		34F8FA93225AB1570038991C /* ViewRouteViewController.swift in Sources */ = {isa = PBXBuildFile; fileRef = 34F8FA92225AB1570038991C /* ViewRouteViewController.swift */; };
		558DB379407FF9BF3747B7B9 /* Pods_Route_iOS.framework in Frameworks */ = {isa = PBXBuildFile; fileRef = AA25CE5D1D98D631C0B2A679 /* Pods_Route_iOS.framework */; };
		A0A0B6402211B8F900810FDF /* AppDelegate.swift in Sources */ = {isa = PBXBuildFile; fileRef = A0A0B63F2211B8F900810FDF /* AppDelegate.swift */; };
		A0A0B6452211B8F900810FDF /* Main.storyboard in Resources */ = {isa = PBXBuildFile; fileRef = A0A0B6432211B8F900810FDF /* Main.storyboard */; };
		A0A0B6482211B8F900810FDF /* Route_iOS.xcdatamodeld in Sources */ = {isa = PBXBuildFile; fileRef = A0A0B6462211B8F900810FDF /* Route_iOS.xcdatamodeld */; };
		A0A0B64A2211B8FA00810FDF /* Assets.xcassets in Resources */ = {isa = PBXBuildFile; fileRef = A0A0B6492211B8FA00810FDF /* Assets.xcassets */; };
		A0A0B64D2211B8FA00810FDF /* LaunchScreen.storyboard in Resources */ = {isa = PBXBuildFile; fileRef = A0A0B64B2211B8FA00810FDF /* LaunchScreen.storyboard */; };
		A0A0B6582211C56800810FDF /* User.swift in Sources */ = {isa = PBXBuildFile; fileRef = A0A0B6572211C56800810FDF /* User.swift */; };
		A0A0B65A2211C58400810FDF /* Route.swift in Sources */ = {isa = PBXBuildFile; fileRef = A0A0B6592211C58400810FDF /* Route.swift */; };
		A0A0B65C2211C59400810FDF /* Review.swift in Sources */ = {isa = PBXBuildFile; fileRef = A0A0B65B2211C59400810FDF /* Review.swift */; };
		A0A0B65E2211C5E000810FDF /* Comment.swift in Sources */ = {isa = PBXBuildFile; fileRef = A0A0B65D2211C5E000810FDF /* Comment.swift */; };
		A0A0B6602211C5ED00810FDF /* Post.swift in Sources */ = {isa = PBXBuildFile; fileRef = A0A0B65F2211C5ED00810FDF /* Post.swift */; };
		A0A0B6622211D88100810FDF /* RoutePost.swift in Sources */ = {isa = PBXBuildFile; fileRef = A0A0B6612211D88100810FDF /* RoutePost.swift */; };
		A0A8DFB92274D05300B45D24 /* MainAuthViewController.swift in Sources */ = {isa = PBXBuildFile; fileRef = A0A8DFB82274D05300B45D24 /* MainAuthViewController.swift */; };
		A0E3C0A02212355B00534589 /* GoogleService-Info.plist in Resources */ = {isa = PBXBuildFile; fileRef = A0E3C09F2212355B00534589 /* GoogleService-Info.plist */; };
/* End PBXBuildFile section */

/* Begin PBXFileReference section */
		3409B0AC22582AE400699CB7 /* HomeViewController.swift */ = {isa = PBXFileReference; lastKnownFileType = sourcecode.swift; path = HomeViewController.swift; sourceTree = "<group>"; };
		3409B0B0225836EC00699CB7 /* PostWrapper.swift */ = {isa = PBXFileReference; lastKnownFileType = sourcecode.swift; path = PostWrapper.swift; sourceTree = "<group>"; };
		3458C74C2266A91E00905DA4 /* MyRoutesTableViewController.swift */ = {isa = PBXFileReference; lastKnownFileType = sourcecode.swift; path = MyRoutesTableViewController.swift; sourceTree = "<group>"; };
		3458C7502266B70000905DA4 /* WebViewController.swift */ = {isa = PBXFileReference; lastKnownFileType = sourcecode.swift; path = WebViewController.swift; sourceTree = "<group>"; };
		348F4E64223F12B9002BBD47 /* CheckBox.swift */ = {isa = PBXFileReference; lastKnownFileType = sourcecode.swift; path = CheckBox.swift; sourceTree = "<group>"; };
		348F4E66223F12D2002BBD47 /* RadioButton.swift */ = {isa = PBXFileReference; lastKnownFileType = sourcecode.swift; path = RadioButton.swift; sourceTree = "<group>"; };
		34937D1E2238945C0026CEE9 /* RouteTrackingViewController.swift */ = {isa = PBXFileReference; fileEncoding = 4; lastKnownFileType = sourcecode.swift; path = RouteTrackingViewController.swift; sourceTree = "<group>"; };
		34937D1F2238945C0026CEE9 /* ProfileViewController.swift */ = {isa = PBXFileReference; fileEncoding = 4; lastKnownFileType = sourcecode.swift; path = ProfileViewController.swift; sourceTree = "<group>"; };
		34937D202238945C0026CEE9 /* SignUpInViewController.swift */ = {isa = PBXFileReference; fileEncoding = 4; lastKnownFileType = sourcecode.swift; path = SignUpInViewController.swift; sourceTree = "<group>"; };
		34937D212238945C0026CEE9 /* CameraViewController.swift */ = {isa = PBXFileReference; fileEncoding = 4; lastKnownFileType = sourcecode.swift; path = CameraViewController.swift; sourceTree = "<group>"; };
		34937D222238945D0026CEE9 /* SignInViewController.swift */ = {isa = PBXFileReference; fileEncoding = 4; lastKnownFileType = sourcecode.swift; path = SignInViewController.swift; sourceTree = "<group>"; };
		34937D28223894D30026CEE9 /* PostViewController.swift */ = {isa = PBXFileReference; lastKnownFileType = sourcecode.swift; path = PostViewController.swift; sourceTree = "<group>"; };
		34937D2A223894FA0026CEE9 /* MyPostViewController.swift */ = {isa = PBXFileReference; lastKnownFileType = sourcecode.swift; path = MyPostViewController.swift; sourceTree = "<group>"; };
		34937D2C223895400026CEE9 /* EditPostViewController.swift */ = {isa = PBXFileReference; lastKnownFileType = sourcecode.swift; path = EditPostViewController.swift; sourceTree = "<group>"; };
		349C8A182230A6B1005AB6B8 /* HealthKit.framework */ = {isa = PBXFileReference; lastKnownFileType = wrapper.framework; name = HealthKit.framework; path = System/Library/Frameworks/HealthKit.framework; sourceTree = SDKROOT; };
		349C8A1A2230A6B1005AB6B8 /* Route-iOS.entitlements */ = {isa = PBXFileReference; lastKnownFileType = text.plist.entitlements; path = "Route-iOS.entitlements"; sourceTree = "<group>"; };
		349C8A1B2230B0B9005AB6B8 /* RouteTrack.swift */ = {isa = PBXFileReference; lastKnownFileType = sourcecode.swift; path = RouteTrack.swift; sourceTree = "<group>"; };
		349C8A1D2230B15B005AB6B8 /* Location.swift */ = {isa = PBXFileReference; lastKnownFileType = sourcecode.swift; path = Location.swift; sourceTree = "<group>"; };
		34A66FE92235A84600C4FBCE /* MapKit.framework */ = {isa = PBXFileReference; lastKnownFileType = wrapper.framework; name = MapKit.framework; path = System/Library/Frameworks/MapKit.framework; sourceTree = SDKROOT; };
		34AD657D2263CDD100F76F88 /* AuthViewController.swift */ = {isa = PBXFileReference; lastKnownFileType = sourcecode.swift; path = AuthViewController.swift; sourceTree = "<group>"; };
		34AD65812264055700F76F88 /* SavedRoutesTableViewController.swift */ = {isa = PBXFileReference; lastKnownFileType = sourcecode.swift; path = SavedRoutesTableViewController.swift; sourceTree = "<group>"; };
		34F160732268071F0098F491 /* Le Castle Vania - Freak.mp3 */ = {isa = PBXFileReference; lastKnownFileType = audio.mp3; name = "Le Castle Vania - Freak.mp3"; path = "../../Le Castle Vania - Freak.mp3"; sourceTree = "<group>"; };
		34F8B511224C52DD00853F8D /* RouteTableViewController.swift */ = {isa = PBXFileReference; lastKnownFileType = sourcecode.swift; path = RouteTableViewController.swift; sourceTree = "<group>"; };
		34F8FA92225AB1570038991C /* ViewRouteViewController.swift */ = {isa = PBXFileReference; lastKnownFileType = sourcecode.swift; path = ViewRouteViewController.swift; sourceTree = "<group>"; };
		4F83E5330727A8661A948F3E /* Pods-Route-iOS.release.xcconfig */ = {isa = PBXFileReference; includeInIndex = 1; lastKnownFileType = text.xcconfig; name = "Pods-Route-iOS.release.xcconfig"; path = "Target Support Files/Pods-Route-iOS/Pods-Route-iOS.release.xcconfig"; sourceTree = "<group>"; };
		A0A0B63C2211B8F900810FDF /* Route-iOS.app */ = {isa = PBXFileReference; explicitFileType = wrapper.application; includeInIndex = 0; path = "Route-iOS.app"; sourceTree = BUILT_PRODUCTS_DIR; };
		A0A0B63F2211B8F900810FDF /* AppDelegate.swift */ = {isa = PBXFileReference; lastKnownFileType = sourcecode.swift; path = AppDelegate.swift; sourceTree = "<group>"; };
		A0A0B6442211B8F900810FDF /* Base */ = {isa = PBXFileReference; lastKnownFileType = file.storyboard; name = Base; path = Base.lproj/Main.storyboard; sourceTree = "<group>"; };
		A0A0B6472211B8F900810FDF /* Route_iOS.xcdatamodel */ = {isa = PBXFileReference; lastKnownFileType = wrapper.xcdatamodel; path = Route_iOS.xcdatamodel; sourceTree = "<group>"; };
		A0A0B6492211B8FA00810FDF /* Assets.xcassets */ = {isa = PBXFileReference; lastKnownFileType = folder.assetcatalog; path = Assets.xcassets; sourceTree = "<group>"; };
		A0A0B64C2211B8FA00810FDF /* Base */ = {isa = PBXFileReference; lastKnownFileType = file.storyboard; name = Base; path = Base.lproj/LaunchScreen.storyboard; sourceTree = "<group>"; };
		A0A0B64E2211B8FA00810FDF /* Info.plist */ = {isa = PBXFileReference; lastKnownFileType = text.plist.xml; path = Info.plist; sourceTree = "<group>"; };
		A0A0B6572211C56800810FDF /* User.swift */ = {isa = PBXFileReference; lastKnownFileType = sourcecode.swift; path = User.swift; sourceTree = "<group>"; };
		A0A0B6592211C58400810FDF /* Route.swift */ = {isa = PBXFileReference; lastKnownFileType = sourcecode.swift; path = Route.swift; sourceTree = "<group>"; };
		A0A0B65B2211C59400810FDF /* Review.swift */ = {isa = PBXFileReference; lastKnownFileType = sourcecode.swift; path = Review.swift; sourceTree = "<group>"; };
		A0A0B65D2211C5E000810FDF /* Comment.swift */ = {isa = PBXFileReference; lastKnownFileType = sourcecode.swift; path = Comment.swift; sourceTree = "<group>"; };
		A0A0B65F2211C5ED00810FDF /* Post.swift */ = {isa = PBXFileReference; lastKnownFileType = sourcecode.swift; path = Post.swift; sourceTree = "<group>"; };
		A0A0B6612211D88100810FDF /* RoutePost.swift */ = {isa = PBXFileReference; lastKnownFileType = sourcecode.swift; path = RoutePost.swift; sourceTree = "<group>"; };
		A0A8DFB82274D05300B45D24 /* MainAuthViewController.swift */ = {isa = PBXFileReference; lastKnownFileType = sourcecode.swift; path = MainAuthViewController.swift; sourceTree = "<group>"; };
		A0E3C09F2212355B00534589 /* GoogleService-Info.plist */ = {isa = PBXFileReference; fileEncoding = 4; lastKnownFileType = text.plist.xml; path = "GoogleService-Info.plist"; sourceTree = "<group>"; };
		AA25CE5D1D98D631C0B2A679 /* Pods_Route_iOS.framework */ = {isa = PBXFileReference; explicitFileType = wrapper.framework; includeInIndex = 0; path = Pods_Route_iOS.framework; sourceTree = BUILT_PRODUCTS_DIR; };
		B96A70871E84EC306D0A1F85 /* Pods-Route-iOS.debug.xcconfig */ = {isa = PBXFileReference; includeInIndex = 1; lastKnownFileType = text.xcconfig; name = "Pods-Route-iOS.debug.xcconfig"; path = "Target Support Files/Pods-Route-iOS/Pods-Route-iOS.debug.xcconfig"; sourceTree = "<group>"; };
/* End PBXFileReference section */

/* Begin PBXFrameworksBuildPhase section */
		A0A0B6392211B8F900810FDF /* Frameworks */ = {
			isa = PBXFrameworksBuildPhase;
			buildActionMask = 2147483647;
			files = (
				558DB379407FF9BF3747B7B9 /* Pods_Route_iOS.framework in Frameworks */,
				34A66FEA2235A84600C4FBCE /* MapKit.framework in Frameworks */,
				349C8A192230A6B1005AB6B8 /* HealthKit.framework in Frameworks */,
			);
			runOnlyForDeploymentPostprocessing = 0;
		};
/* End PBXFrameworksBuildPhase section */

/* Begin PBXGroup section */
		69695B0FE66F087DFE60D670 /* Frameworks */ = {
			isa = PBXGroup;
			children = (
				34A66FE92235A84600C4FBCE /* MapKit.framework */,
				349C8A182230A6B1005AB6B8 /* HealthKit.framework */,
				AA25CE5D1D98D631C0B2A679 /* Pods_Route_iOS.framework */,
			);
			name = Frameworks;
			sourceTree = "<group>";
		};
		81409A59A5B2F15C6EC9C309 /* Pods */ = {
			isa = PBXGroup;
			children = (
				B96A70871E84EC306D0A1F85 /* Pods-Route-iOS.debug.xcconfig */,
				4F83E5330727A8661A948F3E /* Pods-Route-iOS.release.xcconfig */,
			);
			path = Pods;
			sourceTree = "<group>";
		};
		A0A0B6332211B8F900810FDF = {
			isa = PBXGroup;
			children = (
				A0A0B63E2211B8F900810FDF /* Route-iOS */,
				A0A0B63D2211B8F900810FDF /* Products */,
				81409A59A5B2F15C6EC9C309 /* Pods */,
				69695B0FE66F087DFE60D670 /* Frameworks */,
			);
			sourceTree = "<group>";
		};
		A0A0B63D2211B8F900810FDF /* Products */ = {
			isa = PBXGroup;
			children = (
				A0A0B63C2211B8F900810FDF /* Route-iOS.app */,
			);
			name = Products;
			sourceTree = "<group>";
		};
		A0A0B63E2211B8F900810FDF /* Route-iOS */ = {
			isa = PBXGroup;
			children = (
				349C8A1A2230A6B1005AB6B8 /* Route-iOS.entitlements */,
				A0A0B6562211B96D00810FDF /* Controllers */,
				A0A0B6552211B95F00810FDF /* Views */,
				A0A0B6542211B92500810FDF /* Models */,
				A0A0B63F2211B8F900810FDF /* AppDelegate.swift */,
				A0A0B6492211B8FA00810FDF /* Assets.xcassets */,
				A0A0B64E2211B8FA00810FDF /* Info.plist */,
				34F160732268071F0098F491 /* Le Castle Vania - Freak.mp3 */,
				A0A0B6462211B8F900810FDF /* Route_iOS.xcdatamodeld */,
				A0E3C09F2212355B00534589 /* GoogleService-Info.plist */,
			);
			path = "Route-iOS";
			sourceTree = "<group>";
		};
		A0A0B6542211B92500810FDF /* Models */ = {
			isa = PBXGroup;
			children = (
				A0A0B6572211C56800810FDF /* User.swift */,
				A0A0B6592211C58400810FDF /* Route.swift */,
				A0A0B65B2211C59400810FDF /* Review.swift */,
				A0A0B65D2211C5E000810FDF /* Comment.swift */,
				A0A0B65F2211C5ED00810FDF /* Post.swift */,
				A0A0B6612211D88100810FDF /* RoutePost.swift */,
				349C8A1B2230B0B9005AB6B8 /* RouteTrack.swift */,
				349C8A1D2230B15B005AB6B8 /* Location.swift */,
				348F4E64223F12B9002BBD47 /* CheckBox.swift */,
				348F4E66223F12D2002BBD47 /* RadioButton.swift */,
				3409B0B0225836EC00699CB7 /* PostWrapper.swift */,
			);
			path = Models;
			sourceTree = "<group>";
		};
		A0A0B6552211B95F00810FDF /* Views */ = {
			isa = PBXGroup;
			children = (
				A0A0B6432211B8F900810FDF /* Main.storyboard */,
				A0A0B64B2211B8FA00810FDF /* LaunchScreen.storyboard */,
			);
			path = Views;
			sourceTree = "<group>";
		};
		A0A0B6562211B96D00810FDF /* Controllers */ = {
			isa = PBXGroup;
			children = (
				34937D212238945C0026CEE9 /* CameraViewController.swift */,
				34937D1F2238945C0026CEE9 /* ProfileViewController.swift */,
				34937D1E2238945C0026CEE9 /* RouteTrackingViewController.swift */,
				34937D222238945D0026CEE9 /* SignInViewController.swift */,
				34937D202238945C0026CEE9 /* SignUpInViewController.swift */,
				34937D28223894D30026CEE9 /* PostViewController.swift */,
				34937D2A223894FA0026CEE9 /* MyPostViewController.swift */,
				34937D2C223895400026CEE9 /* EditPostViewController.swift */,
				34F8B511224C52DD00853F8D /* RouteTableViewController.swift */,
				3409B0AC22582AE400699CB7 /* HomeViewController.swift */,
				34F8FA92225AB1570038991C /* ViewRouteViewController.swift */,
				34AD657D2263CDD100F76F88 /* AuthViewController.swift */,
				34AD65812264055700F76F88 /* SavedRoutesTableViewController.swift */,
				3458C74C2266A91E00905DA4 /* MyRoutesTableViewController.swift */,
				3458C7502266B70000905DA4 /* WebViewController.swift */,
				A0A8DFB82274D05300B45D24 /* MainAuthViewController.swift */,
			);
			path = Controllers;
			sourceTree = "<group>";
		};
/* End PBXGroup section */

/* Begin PBXNativeTarget section */
		A0A0B63B2211B8F900810FDF /* Route-iOS */ = {
			isa = PBXNativeTarget;
			buildConfigurationList = A0A0B6512211B8FA00810FDF /* Build configuration list for PBXNativeTarget "Route-iOS" */;
			buildPhases = (
				20A2B378283F395648F7C806 /* [CP] Check Pods Manifest.lock */,
				A0A0B6382211B8F900810FDF /* Sources */,
				A0A0B6392211B8F900810FDF /* Frameworks */,
				A0A0B63A2211B8F900810FDF /* Resources */,
				2EBEB80AF0ADF427AA9AAC5E /* [CP] Embed Pods Frameworks */,
				250C85A282E79A8DB9EE0CD8 /* [CP] Copy Pods Resources */,
			);
			buildRules = (
			);
			dependencies = (
			);
			name = "Route-iOS";
			productName = "Route-iOS";
			productReference = A0A0B63C2211B8F900810FDF /* Route-iOS.app */;
			productType = "com.apple.product-type.application";
		};
/* End PBXNativeTarget section */

/* Begin PBXProject section */
		A0A0B6342211B8F900810FDF /* Project object */ = {
			isa = PBXProject;
			attributes = {
				LastSwiftUpdateCheck = 1010;
				LastUpgradeCheck = 1010;
				ORGANIZATIONNAME = "Vastarelli, Matthew P";
				TargetAttributes = {
					A0A0B63B2211B8F900810FDF = {
						CreatedOnToolsVersion = 10.1;
						SystemCapabilities = {
							com.apple.BackgroundModes = {
								enabled = 1;
							};
							com.apple.HealthKit = {
								enabled = 1;
							};
							com.apple.Maps.iOS = {
								enabled = 1;
							};
						};
					};
				};
			};
			buildConfigurationList = A0A0B6372211B8F900810FDF /* Build configuration list for PBXProject "Route-iOS" */;
			compatibilityVersion = "Xcode 9.3";
			developmentRegion = en;
			hasScannedForEncodings = 0;
			knownRegions = (
				en,
				Base,
			);
			mainGroup = A0A0B6332211B8F900810FDF;
			productRefGroup = A0A0B63D2211B8F900810FDF /* Products */;
			projectDirPath = "";
			projectRoot = "";
			targets = (
				A0A0B63B2211B8F900810FDF /* Route-iOS */,
			);
		};
/* End PBXProject section */

/* Begin PBXResourcesBuildPhase section */
		A0A0B63A2211B8F900810FDF /* Resources */ = {
			isa = PBXResourcesBuildPhase;
			buildActionMask = 2147483647;
			files = (
				A0A0B64D2211B8FA00810FDF /* LaunchScreen.storyboard in Resources */,
				A0E3C0A02212355B00534589 /* GoogleService-Info.plist in Resources */,
				A0A0B64A2211B8FA00810FDF /* Assets.xcassets in Resources */,
				A0A0B6452211B8F900810FDF /* Main.storyboard in Resources */,
				34F160742268071F0098F491 /* Le Castle Vania - Freak.mp3 in Resources */,
			);
			runOnlyForDeploymentPostprocessing = 0;
		};
/* End PBXResourcesBuildPhase section */

/* Begin PBXShellScriptBuildPhase section */
		20A2B378283F395648F7C806 /* [CP] Check Pods Manifest.lock */ = {
			isa = PBXShellScriptBuildPhase;
			buildActionMask = 2147483647;
			files = (
			);
			inputFileListPaths = (
			);
			inputPaths = (
				"${PODS_PODFILE_DIR_PATH}/Podfile.lock",
				"${PODS_ROOT}/Manifest.lock",
			);
			name = "[CP] Check Pods Manifest.lock";
			outputFileListPaths = (
			);
			outputPaths = (
				"$(DERIVED_FILE_DIR)/Pods-Route-iOS-checkManifestLockResult.txt",
			);
			runOnlyForDeploymentPostprocessing = 0;
			shellPath = /bin/sh;
			shellScript = "diff \"${PODS_PODFILE_DIR_PATH}/Podfile.lock\" \"${PODS_ROOT}/Manifest.lock\" > /dev/null\nif [ $? != 0 ] ; then\n    # print error to STDERR\n    echo \"error: The sandbox is not in sync with the Podfile.lock. Run 'pod install' or update your CocoaPods installation.\" >&2\n    exit 1\nfi\n# This output is used by Xcode 'outputs' to avoid re-running this script phase.\necho \"SUCCESS\" > \"${SCRIPT_OUTPUT_FILE_0}\"\n";
			showEnvVarsInLog = 0;
		};
		250C85A282E79A8DB9EE0CD8 /* [CP] Copy Pods Resources */ = {
			isa = PBXShellScriptBuildPhase;
			buildActionMask = 2147483647;
			files = (
			);
			inputFileListPaths = (
			);
			inputPaths = (
				"${PODS_ROOT}/Target Support Files/Pods-Route-iOS/Pods-Route-iOS-resources.sh",
				"${PODS_CONFIGURATION_BUILD_DIR}/FirebaseUI/FirebaseAnonymousAuthUI.bundle",
				"${PODS_CONFIGURATION_BUILD_DIR}/FirebaseUI/FirebaseAuthUI.bundle",
				"${PODS_CONFIGURATION_BUILD_DIR}/FirebaseUI/FirebaseEmailAuthUI.bundle",
				"${PODS_CONFIGURATION_BUILD_DIR}/FirebaseUI/FirebaseFacebookAuthUI.bundle",
				"${PODS_CONFIGURATION_BUILD_DIR}/FirebaseUI/FirebaseGoogleAuthUI.bundle",
				"${PODS_CONFIGURATION_BUILD_DIR}/FirebaseUI/FirebasePhoneAuthUI.bundle",
				"${PODS_CONFIGURATION_BUILD_DIR}/FirebaseUI/FirebaseTwitterAuthUI.bundle",
				"${PODS_ROOT}/GoogleSignIn/Resources/GoogleSignIn.bundle",
				"${PODS_ROOT}/TwitterKit/iOS/TwitterKit.framework/TwitterKitResources.bundle",
			);
			name = "[CP] Copy Pods Resources";
			outputFileListPaths = (
			);
			outputPaths = (
				"${TARGET_BUILD_DIR}/${UNLOCALIZED_RESOURCES_FOLDER_PATH}/FirebaseAnonymousAuthUI.bundle",
				"${TARGET_BUILD_DIR}/${UNLOCALIZED_RESOURCES_FOLDER_PATH}/FirebaseAuthUI.bundle",
				"${TARGET_BUILD_DIR}/${UNLOCALIZED_RESOURCES_FOLDER_PATH}/FirebaseEmailAuthUI.bundle",
				"${TARGET_BUILD_DIR}/${UNLOCALIZED_RESOURCES_FOLDER_PATH}/FirebaseFacebookAuthUI.bundle",
				"${TARGET_BUILD_DIR}/${UNLOCALIZED_RESOURCES_FOLDER_PATH}/FirebaseGoogleAuthUI.bundle",
				"${TARGET_BUILD_DIR}/${UNLOCALIZED_RESOURCES_FOLDER_PATH}/FirebasePhoneAuthUI.bundle",
				"${TARGET_BUILD_DIR}/${UNLOCALIZED_RESOURCES_FOLDER_PATH}/FirebaseTwitterAuthUI.bundle",
				"${TARGET_BUILD_DIR}/${UNLOCALIZED_RESOURCES_FOLDER_PATH}/GoogleSignIn.bundle",
				"${TARGET_BUILD_DIR}/${UNLOCALIZED_RESOURCES_FOLDER_PATH}/TwitterKitResources.bundle",
			);
			runOnlyForDeploymentPostprocessing = 0;
			shellPath = /bin/sh;
			shellScript = "\"${PODS_ROOT}/Target Support Files/Pods-Route-iOS/Pods-Route-iOS-resources.sh\"\n";
			showEnvVarsInLog = 0;
		};
		2EBEB80AF0ADF427AA9AAC5E /* [CP] Embed Pods Frameworks */ = {
			isa = PBXShellScriptBuildPhase;
			buildActionMask = 2147483647;
			files = (
			);
			inputFileListPaths = (
			);
			inputPaths = (
				"${PODS_ROOT}/Target Support Files/Pods-Route-iOS/Pods-Route-iOS-frameworks.sh",
				"${BUILT_PRODUCTS_DIR}/Bolts/Bolts.framework",
				"${BUILT_PRODUCTS_DIR}/BoringSSL-GRPC/openssl_grpc.framework",
				"${BUILT_PRODUCTS_DIR}/FBSDKCoreKit/FBSDKCoreKit.framework",
				"${BUILT_PRODUCTS_DIR}/FBSDKLoginKit/FBSDKLoginKit.framework",
				"${BUILT_PRODUCTS_DIR}/GTMSessionFetcher/GTMSessionFetcher.framework",
				"${BUILT_PRODUCTS_DIR}/GoogleToolboxForMac/GoogleToolboxForMac.framework",
				"${BUILT_PRODUCTS_DIR}/GoogleUtilities/GoogleUtilities.framework",
				"${BUILT_PRODUCTS_DIR}/Protobuf/Protobuf.framework",
				"${BUILT_PRODUCTS_DIR}/SDWebImage/SDWebImage.framework",
				"${PODS_ROOT}/TwitterCore/iOS/TwitterCore.framework",
				"${PODS_ROOT}/TwitterKit/iOS/TwitterKit.framework",
				"${BUILT_PRODUCTS_DIR}/gRPC-C++/grpcpp.framework",
				"${BUILT_PRODUCTS_DIR}/gRPC-Core/grpc.framework",
				"${BUILT_PRODUCTS_DIR}/leveldb-library/leveldb.framework",
				"${BUILT_PRODUCTS_DIR}/nanopb/nanopb.framework",
			);
			name = "[CP] Embed Pods Frameworks";
			outputFileListPaths = (
			);
			outputPaths = (
				"${TARGET_BUILD_DIR}/${FRAMEWORKS_FOLDER_PATH}/Bolts.framework",
				"${TARGET_BUILD_DIR}/${FRAMEWORKS_FOLDER_PATH}/openssl_grpc.framework",
				"${TARGET_BUILD_DIR}/${FRAMEWORKS_FOLDER_PATH}/FBSDKCoreKit.framework",
				"${TARGET_BUILD_DIR}/${FRAMEWORKS_FOLDER_PATH}/FBSDKLoginKit.framework",
				"${TARGET_BUILD_DIR}/${FRAMEWORKS_FOLDER_PATH}/GTMSessionFetcher.framework",
				"${TARGET_BUILD_DIR}/${FRAMEWORKS_FOLDER_PATH}/GoogleToolboxForMac.framework",
				"${TARGET_BUILD_DIR}/${FRAMEWORKS_FOLDER_PATH}/GoogleUtilities.framework",
				"${TARGET_BUILD_DIR}/${FRAMEWORKS_FOLDER_PATH}/Protobuf.framework",
				"${TARGET_BUILD_DIR}/${FRAMEWORKS_FOLDER_PATH}/SDWebImage.framework",
				"${TARGET_BUILD_DIR}/${FRAMEWORKS_FOLDER_PATH}/TwitterCore.framework",
				"${TARGET_BUILD_DIR}/${FRAMEWORKS_FOLDER_PATH}/TwitterKit.framework",
				"${TARGET_BUILD_DIR}/${FRAMEWORKS_FOLDER_PATH}/grpcpp.framework",
				"${TARGET_BUILD_DIR}/${FRAMEWORKS_FOLDER_PATH}/grpc.framework",
				"${TARGET_BUILD_DIR}/${FRAMEWORKS_FOLDER_PATH}/leveldb.framework",
				"${TARGET_BUILD_DIR}/${FRAMEWORKS_FOLDER_PATH}/nanopb.framework",
			);
			runOnlyForDeploymentPostprocessing = 0;
			shellPath = /bin/sh;
			shellScript = "\"${PODS_ROOT}/Target Support Files/Pods-Route-iOS/Pods-Route-iOS-frameworks.sh\"\n";
			showEnvVarsInLog = 0;
		};
/* End PBXShellScriptBuildPhase section */

/* Begin PBXSourcesBuildPhase section */
		A0A0B6382211B8F900810FDF /* Sources */ = {
			isa = PBXSourcesBuildPhase;
			buildActionMask = 2147483647;
			files = (
				A0A0B6582211C56800810FDF /* User.swift in Sources */,
				A0A0B6482211B8F900810FDF /* Route_iOS.xcdatamodeld in Sources */,
				A0A8DFB92274D05300B45D24 /* MainAuthViewController.swift in Sources */,
				A0A0B6622211D88100810FDF /* RoutePost.swift in Sources */,
				349C8A1E2230B15B005AB6B8 /* Location.swift in Sources */,
				349C8A1C2230B0B9005AB6B8 /* RouteTrack.swift in Sources */,
				A0A0B6602211C5ED00810FDF /* Post.swift in Sources */,
				3458C74D2266A91E00905DA4 /* MyRoutesTableViewController.swift in Sources */,
				34937D242238945D0026CEE9 /* ProfileViewController.swift in Sources */,
				3409B0AD22582AE400699CB7 /* HomeViewController.swift in Sources */,
				348F4E67223F12D2002BBD47 /* RadioButton.swift in Sources */,
				348F4E65223F12B9002BBD47 /* CheckBox.swift in Sources */,
				3458C7512266B70000905DA4 /* WebViewController.swift in Sources */,
				A0A0B65E2211C5E000810FDF /* Comment.swift in Sources */,
				34937D29223894D30026CEE9 /* PostViewController.swift in Sources */,
				34F8B512224C52DD00853F8D /* RouteTableViewController.swift in Sources */,
				3409B0B1225836EC00699CB7 /* PostWrapper.swift in Sources */,
				34937D272238945D0026CEE9 /* SignInViewController.swift in Sources */,
				34937D232238945D0026CEE9 /* RouteTrackingViewController.swift in Sources */,
				34937D252238945D0026CEE9 /* SignUpInViewController.swift in Sources */,
				34AD657E2263CDD100F76F88 /* AuthViewController.swift in Sources */,
				34F8FA93225AB1570038991C /* ViewRouteViewController.swift in Sources */,
				A0A0B65A2211C58400810FDF /* Route.swift in Sources */,
				34937D262238945D0026CEE9 /* CameraViewController.swift in Sources */,
				34AD65822264055700F76F88 /* SavedRoutesTableViewController.swift in Sources */,
				34937D2B223894FA0026CEE9 /* MyPostViewController.swift in Sources */,
				A0A0B6402211B8F900810FDF /* AppDelegate.swift in Sources */,
				34937D2D223895400026CEE9 /* EditPostViewController.swift in Sources */,
				A0A0B65C2211C59400810FDF /* Review.swift in Sources */,
			);
			runOnlyForDeploymentPostprocessing = 0;
		};
/* End PBXSourcesBuildPhase section */

/* Begin PBXVariantGroup section */
		A0A0B6432211B8F900810FDF /* Main.storyboard */ = {
			isa = PBXVariantGroup;
			children = (
				A0A0B6442211B8F900810FDF /* Base */,
			);
			name = Main.storyboard;
			sourceTree = "<group>";
		};
		A0A0B64B2211B8FA00810FDF /* LaunchScreen.storyboard */ = {
			isa = PBXVariantGroup;
			children = (
				A0A0B64C2211B8FA00810FDF /* Base */,
			);
			name = LaunchScreen.storyboard;
			sourceTree = "<group>";
		};
/* End PBXVariantGroup section */

/* Begin XCBuildConfiguration section */
		A0A0B64F2211B8FA00810FDF /* Debug */ = {
			isa = XCBuildConfiguration;
			buildSettings = {
				ALWAYS_SEARCH_USER_PATHS = NO;
				CLANG_ANALYZER_NONNULL = YES;
				CLANG_ANALYZER_NUMBER_OBJECT_CONVERSION = YES_AGGRESSIVE;
				CLANG_CXX_LANGUAGE_STANDARD = "gnu++14";
				CLANG_CXX_LIBRARY = "libc++";
				CLANG_ENABLE_MODULES = YES;
				CLANG_ENABLE_OBJC_ARC = YES;
				CLANG_ENABLE_OBJC_WEAK = YES;
				CLANG_WARN_BLOCK_CAPTURE_AUTORELEASING = YES;
				CLANG_WARN_BOOL_CONVERSION = YES;
				CLANG_WARN_COMMA = YES;
				CLANG_WARN_CONSTANT_CONVERSION = YES;
				CLANG_WARN_DEPRECATED_OBJC_IMPLEMENTATIONS = YES;
				CLANG_WARN_DIRECT_OBJC_ISA_USAGE = YES_ERROR;
				CLANG_WARN_DOCUMENTATION_COMMENTS = YES;
				CLANG_WARN_EMPTY_BODY = YES;
				CLANG_WARN_ENUM_CONVERSION = YES;
				CLANG_WARN_INFINITE_RECURSION = YES;
				CLANG_WARN_INT_CONVERSION = YES;
				CLANG_WARN_NON_LITERAL_NULL_CONVERSION = YES;
				CLANG_WARN_OBJC_IMPLICIT_RETAIN_SELF = YES;
				CLANG_WARN_OBJC_LITERAL_CONVERSION = YES;
				CLANG_WARN_OBJC_ROOT_CLASS = YES_ERROR;
				CLANG_WARN_RANGE_LOOP_ANALYSIS = YES;
				CLANG_WARN_STRICT_PROTOTYPES = YES;
				CLANG_WARN_SUSPICIOUS_MOVE = YES;
				CLANG_WARN_UNGUARDED_AVAILABILITY = YES_AGGRESSIVE;
				CLANG_WARN_UNREACHABLE_CODE = YES;
				CLANG_WARN__DUPLICATE_METHOD_MATCH = YES;
				CODE_SIGN_IDENTITY = "iPhone Developer";
				COPY_PHASE_STRIP = NO;
				DEBUG_INFORMATION_FORMAT = dwarf;
				ENABLE_STRICT_OBJC_MSGSEND = YES;
				ENABLE_TESTABILITY = YES;
				GCC_C_LANGUAGE_STANDARD = gnu11;
				GCC_DYNAMIC_NO_PIC = NO;
				GCC_NO_COMMON_BLOCKS = YES;
				GCC_OPTIMIZATION_LEVEL = 0;
				GCC_PREPROCESSOR_DEFINITIONS = (
					"DEBUG=1",
					"$(inherited)",
				);
				GCC_WARN_64_TO_32_BIT_CONVERSION = YES;
				GCC_WARN_ABOUT_RETURN_TYPE = YES_ERROR;
				GCC_WARN_UNDECLARED_SELECTOR = YES;
				GCC_WARN_UNINITIALIZED_AUTOS = YES_AGGRESSIVE;
				GCC_WARN_UNUSED_FUNCTION = YES;
				GCC_WARN_UNUSED_VARIABLE = YES;
				IPHONEOS_DEPLOYMENT_TARGET = 12.1;
				MTL_ENABLE_DEBUG_INFO = INCLUDE_SOURCE;
				MTL_FAST_MATH = YES;
				ONLY_ACTIVE_ARCH = YES;
				SDKROOT = iphoneos;
				SWIFT_ACTIVE_COMPILATION_CONDITIONS = DEBUG;
				SWIFT_OPTIMIZATION_LEVEL = "-Onone";
			};
			name = Debug;
		};
		A0A0B6502211B8FA00810FDF /* Release */ = {
			isa = XCBuildConfiguration;
			buildSettings = {
				ALWAYS_SEARCH_USER_PATHS = NO;
				CLANG_ANALYZER_NONNULL = YES;
				CLANG_ANALYZER_NUMBER_OBJECT_CONVERSION = YES_AGGRESSIVE;
				CLANG_CXX_LANGUAGE_STANDARD = "gnu++14";
				CLANG_CXX_LIBRARY = "libc++";
				CLANG_ENABLE_MODULES = YES;
				CLANG_ENABLE_OBJC_ARC = YES;
				CLANG_ENABLE_OBJC_WEAK = YES;
				CLANG_WARN_BLOCK_CAPTURE_AUTORELEASING = YES;
				CLANG_WARN_BOOL_CONVERSION = YES;
				CLANG_WARN_COMMA = YES;
				CLANG_WARN_CONSTANT_CONVERSION = YES;
				CLANG_WARN_DEPRECATED_OBJC_IMPLEMENTATIONS = YES;
				CLANG_WARN_DIRECT_OBJC_ISA_USAGE = YES_ERROR;
				CLANG_WARN_DOCUMENTATION_COMMENTS = YES;
				CLANG_WARN_EMPTY_BODY = YES;
				CLANG_WARN_ENUM_CONVERSION = YES;
				CLANG_WARN_INFINITE_RECURSION = YES;
				CLANG_WARN_INT_CONVERSION = YES;
				CLANG_WARN_NON_LITERAL_NULL_CONVERSION = YES;
				CLANG_WARN_OBJC_IMPLICIT_RETAIN_SELF = YES;
				CLANG_WARN_OBJC_LITERAL_CONVERSION = YES;
				CLANG_WARN_OBJC_ROOT_CLASS = YES_ERROR;
				CLANG_WARN_RANGE_LOOP_ANALYSIS = YES;
				CLANG_WARN_STRICT_PROTOTYPES = YES;
				CLANG_WARN_SUSPICIOUS_MOVE = YES;
				CLANG_WARN_UNGUARDED_AVAILABILITY = YES_AGGRESSIVE;
				CLANG_WARN_UNREACHABLE_CODE = YES;
				CLANG_WARN__DUPLICATE_METHOD_MATCH = YES;
				CODE_SIGN_IDENTITY = "iPhone Developer";
				COPY_PHASE_STRIP = NO;
				DEBUG_INFORMATION_FORMAT = "dwarf-with-dsym";
				ENABLE_NS_ASSERTIONS = NO;
				ENABLE_STRICT_OBJC_MSGSEND = YES;
				GCC_C_LANGUAGE_STANDARD = gnu11;
				GCC_NO_COMMON_BLOCKS = YES;
				GCC_WARN_64_TO_32_BIT_CONVERSION = YES;
				GCC_WARN_ABOUT_RETURN_TYPE = YES_ERROR;
				GCC_WARN_UNDECLARED_SELECTOR = YES;
				GCC_WARN_UNINITIALIZED_AUTOS = YES_AGGRESSIVE;
				GCC_WARN_UNUSED_FUNCTION = YES;
				GCC_WARN_UNUSED_VARIABLE = YES;
				IPHONEOS_DEPLOYMENT_TARGET = 12.1;
				MTL_ENABLE_DEBUG_INFO = NO;
				MTL_FAST_MATH = YES;
				SDKROOT = iphoneos;
				SWIFT_COMPILATION_MODE = wholemodule;
				SWIFT_OPTIMIZATION_LEVEL = "-O";
				VALIDATE_PRODUCT = YES;
			};
			name = Release;
		};
		A0A0B6522211B8FA00810FDF /* Debug */ = {
			isa = XCBuildConfiguration;
			baseConfigurationReference = B96A70871E84EC306D0A1F85 /* Pods-Route-iOS.debug.xcconfig */;
			buildSettings = {
				ASSETCATALOG_COMPILER_APPICON_NAME = AppIcon;
				CODE_SIGN_ENTITLEMENTS = "Route-iOS/Route-iOS.entitlements";
				CODE_SIGN_STYLE = Automatic;
				DEVELOPMENT_TEAM = LKBCQLFHU8;
				INFOPLIST_FILE = "Route-iOS/Info.plist";
				IPHONEOS_DEPLOYMENT_TARGET = 12;
				LD_RUNPATH_SEARCH_PATHS = (
					"$(inherited)",
					"@executable_path/Frameworks",
				);
				PRODUCT_BUNDLE_IDENTIFIER = "UNH-MVastarelli.Route-iOS";
				PRODUCT_NAME = "$(TARGET_NAME)";
				SWIFT_VERSION = 4.2;
				TARGETED_DEVICE_FAMILY = "1,2";
			};
			name = Debug;
		};
		A0A0B6532211B8FA00810FDF /* Release */ = {
			isa = XCBuildConfiguration;
			baseConfigurationReference = 4F83E5330727A8661A948F3E /* Pods-Route-iOS.release.xcconfig */;
			buildSettings = {
				ASSETCATALOG_COMPILER_APPICON_NAME = AppIcon;
				CODE_SIGN_ENTITLEMENTS = "Route-iOS/Route-iOS.entitlements";
				CODE_SIGN_STYLE = Automatic;
				DEVELOPMENT_TEAM = LKBCQLFHU8;
				INFOPLIST_FILE = "Route-iOS/Info.plist";
				IPHONEOS_DEPLOYMENT_TARGET = 12;
				LD_RUNPATH_SEARCH_PATHS = (
					"$(inherited)",
					"@executable_path/Frameworks",
				);
				PRODUCT_BUNDLE_IDENTIFIER = "UNH-MVastarelli.Route-iOS";
				PRODUCT_NAME = "$(TARGET_NAME)";
				SWIFT_VERSION = 4.2;
				TARGETED_DEVICE_FAMILY = "1,2";
			};
			name = Release;
		};
/* End XCBuildConfiguration section */

/* Begin XCConfigurationList section */
		A0A0B6372211B8F900810FDF /* Build configuration list for PBXProject "Route-iOS" */ = {
			isa = XCConfigurationList;
			buildConfigurations = (
				A0A0B64F2211B8FA00810FDF /* Debug */,
				A0A0B6502211B8FA00810FDF /* Release */,
			);
			defaultConfigurationIsVisible = 0;
			defaultConfigurationName = Release;
		};
		A0A0B6512211B8FA00810FDF /* Build configuration list for PBXNativeTarget "Route-iOS" */ = {
			isa = XCConfigurationList;
			buildConfigurations = (
				A0A0B6522211B8FA00810FDF /* Debug */,
				A0A0B6532211B8FA00810FDF /* Release */,
			);
			defaultConfigurationIsVisible = 0;
			defaultConfigurationName = Release;
		};
/* End XCConfigurationList section */

/* Begin XCVersionGroup section */
		A0A0B6462211B8F900810FDF /* Route_iOS.xcdatamodeld */ = {
			isa = XCVersionGroup;
			children = (
				A0A0B6472211B8F900810FDF /* Route_iOS.xcdatamodel */,
			);
			currentVersion = A0A0B6472211B8F900810FDF /* Route_iOS.xcdatamodel */;
			path = Route_iOS.xcdatamodeld;
			sourceTree = "<group>";
			versionGroupType = wrapper.xcdatamodel;
		};
/* End XCVersionGroup section */
	};
	rootObject = A0A0B6342211B8F900810FDF /* Project object */;
}
