// !$*UTF8*$!
{
	archiveVersion = 1;
	classes = {
	};
	objectVersion = 50;
	objects = {

/* Begin PBXBuildFile section */
		A0A0B6402211B8F900810FDF /* AppDelegate.swift in Sources */ = {isa = PBXBuildFile; fileRef = A0A0B63F2211B8F900810FDF /* AppDelegate.swift */; };
		A0A0B6422211B8F900810FDF /* ViewController.swift in Sources */ = {isa = PBXBuildFile; fileRef = A0A0B6412211B8F900810FDF /* ViewController.swift */; };
		A0A0B6452211B8F900810FDF /* Main.storyboard in Resources */ = {isa = PBXBuildFile; fileRef = A0A0B6432211B8F900810FDF /* Main.storyboard */; };
		A0A0B6482211B8F900810FDF /* Route_iOS.xcdatamodeld in Sources */ = {isa = PBXBuildFile; fileRef = A0A0B6462211B8F900810FDF /* Route_iOS.xcdatamodeld */; };
		A0A0B64A2211B8FA00810FDF /* Assets.xcassets in Resources */ = {isa = PBXBuildFile; fileRef = A0A0B6492211B8FA00810FDF /* Assets.xcassets */; };
		A0A0B64D2211B8FA00810FDF /* LaunchScreen.storyboard in Resources */ = {isa = PBXBuildFile; fileRef = A0A0B64B2211B8FA00810FDF /* LaunchScreen.storyboard */; };
/* End PBXBuildFile section */

/* Begin PBXFileReference section */
		A0A0B63C2211B8F900810FDF /* Route-iOS.app */ = {isa = PBXFileReference; explicitFileType = wrapper.application; includeInIndex = 0; path = "Route-iOS.app"; sourceTree = BUILT_PRODUCTS_DIR; };
		A0A0B63F2211B8F900810FDF /* AppDelegate.swift */ = {isa = PBXFileReference; lastKnownFileType = sourcecode.swift; path = AppDelegate.swift; sourceTree = "<group>"; };
		A0A0B6412211B8F900810FDF /* ViewController.swift */ = {isa = PBXFileReference; lastKnownFileType = sourcecode.swift; path = ViewController.swift; sourceTree = "<group>"; };
		A0A0B6442211B8F900810FDF /* Base */ = {isa = PBXFileReference; lastKnownFileType = file.storyboard; name = Base; path = Base.lproj/Main.storyboard; sourceTree = "<group>"; };
		A0A0B6472211B8F900810FDF /* Route_iOS.xcdatamodel */ = {isa = PBXFileReference; lastKnownFileType = wrapper.xcdatamodel; path = Route_iOS.xcdatamodel; sourceTree = "<group>"; };
		A0A0B6492211B8FA00810FDF /* Assets.xcassets */ = {isa = PBXFileReference; lastKnownFileType = folder.assetcatalog; path = Assets.xcassets; sourceTree = "<group>"; };
		A0A0B64C2211B8FA00810FDF /* Base */ = {isa = PBXFileReference; lastKnownFileType = file.storyboard; name = Base; path = Base.lproj/LaunchScreen.storyboard; sourceTree = "<group>"; };
		A0A0B64E2211B8FA00810FDF /* Info.plist */ = {isa = PBXFileReference; lastKnownFileType = text.plist.xml; path = Info.plist; sourceTree = "<group>"; };
/* End PBXFileReference section */

/* Begin PBXFrameworksBuildPhase section */
		A0A0B6392211B8F900810FDF /* Frameworks */ = {
			isa = PBXFrameworksBuildPhase;
			buildActionMask = 2147483647;
			files = (
			);
			runOnlyForDeploymentPostprocessing = 0;
		};
/* End PBXFrameworksBuildPhase section */

/* Begin PBXGroup section */
		A0A0B6332211B8F900810FDF = {
			isa = PBXGroup;
			children = (
				A0A0B63E2211B8F900810FDF /* Route-iOS */,
				A0A0B63D2211B8F900810FDF /* Products */,
			);
			sourceTree = "<group>";
		};
		A0A0B63D2211B8F900810FDF /* Products */ = {
			isa = PBXGroup;
			children = (
				A0A0B63C2211B8F900810FDF /* Route-iOS.app */,
			);
			name = Products;
			sourceTree = "<group>";
		};
		A0A0B63E2211B8F900810FDF /* Route-iOS */ = {
			isa = PBXGroup;
			children = (
				A0A0B6562211B96D00810FDF /* Controllers */,
				A0A0B6552211B95F00810FDF /* Views */,
				A0A0B6542211B92500810FDF /* Models */,
				A0A0B63F2211B8F900810FDF /* AppDelegate.swift */,
				A0A0B6492211B8FA00810FDF /* Assets.xcassets */,
				A0A0B64E2211B8FA00810FDF /* Info.plist */,
				A0A0B6462211B8F900810FDF /* Route_iOS.xcdatamodeld */,
			);
			path = "Route-iOS";
			sourceTree = "<group>";
		};
		A0A0B6542211B92500810FDF /* Models */ = {
			isa = PBXGroup;
			children = (
			);
			path = Models;
			sourceTree = "<group>";
		};
		A0A0B6552211B95F00810FDF /* Views */ = {
			isa = PBXGroup;
			children = (
				A0A0B6432211B8F900810FDF /* Main.storyboard */,
				A0A0B64B2211B8FA00810FDF /* LaunchScreen.storyboard */,
			);
			path = Views;
			sourceTree = "<group>";
		};
		A0A0B6562211B96D00810FDF /* Controllers */ = {
			isa = PBXGroup;
			children = (
				A0A0B6412211B8F900810FDF /* ViewController.swift */,
			);
			path = Controllers;
			sourceTree = "<group>";
		};
/* End PBXGroup section */

/* Begin PBXNativeTarget section */
		A0A0B63B2211B8F900810FDF /* Route-iOS */ = {
			isa = PBXNativeTarget;
			buildConfigurationList = A0A0B6512211B8FA00810FDF /* Build configuration list for PBXNativeTarget "Route-iOS" */;
			buildPhases = (
				A0A0B6382211B8F900810FDF /* Sources */,
				A0A0B6392211B8F900810FDF /* Frameworks */,
				A0A0B63A2211B8F900810FDF /* Resources */,
			);
			buildRules = (
			);
			dependencies = (
			);
			name = "Route-iOS";
			productName = "Route-iOS";
			productReference = A0A0B63C2211B8F900810FDF /* Route-iOS.app */;
			productType = "com.apple.product-type.application";
		};
/* End PBXNativeTarget section */

/* Begin PBXProject section */
		A0A0B6342211B8F900810FDF /* Project object */ = {
			isa = PBXProject;
			attributes = {
				LastSwiftUpdateCheck = 1010;
				LastUpgradeCheck = 1010;
				ORGANIZATIONNAME = "Vastarelli, Matthew P";
				TargetAttributes = {
					A0A0B63B2211B8F900810FDF = {
						CreatedOnToolsVersion = 10.1;
					};
				};
			};
			buildConfigurationList = A0A0B6372211B8F900810FDF /* Build configuration list for PBXProject "Route-iOS" */;
			compatibilityVersion = "Xcode 9.3";
			developmentRegion = en;
			hasScannedForEncodings = 0;
			knownRegions = (
				en,
				Base,
			);
			mainGroup = A0A0B6332211B8F900810FDF;
			productRefGroup = A0A0B63D2211B8F900810FDF /* Products */;
			projectDirPath = "";
			projectRoot = "";
			targets = (
				A0A0B63B2211B8F900810FDF /* Route-iOS */,
			);
		};
/* End PBXProject section */

/* Begin PBXResourcesBuildPhase section */
		A0A0B63A2211B8F900810FDF /* Resources */ = {
			isa = PBXResourcesBuildPhase;
			buildActionMask = 2147483647;
			files = (
				A0A0B64D2211B8FA00810FDF /* LaunchScreen.storyboard in Resources */,
				A0A0B64A2211B8FA00810FDF /* Assets.xcassets in Resources */,
				A0A0B6452211B8F900810FDF /* Main.storyboard in Resources */,
			);
			runOnlyForDeploymentPostprocessing = 0;
		};
/* End PBXResourcesBuildPhase section */

/* Begin PBXSourcesBuildPhase section */
		A0A0B6382211B8F900810FDF /* Sources */ = {
			isa = PBXSourcesBuildPhase;
			buildActionMask = 2147483647;
			files = (
				A0A0B6482211B8F900810FDF /* Route_iOS.xcdatamodeld in Sources */,
				A0A0B6422211B8F900810FDF /* ViewController.swift in Sources */,
				A0A0B6402211B8F900810FDF /* AppDelegate.swift in Sources */,
			);
			runOnlyForDeploymentPostprocessing = 0;
		};
/* End PBXSourcesBuildPhase section */

/* Begin PBXVariantGroup section */
		A0A0B6432211B8F900810FDF /* Main.storyboard */ = {
			isa = PBXVariantGroup;
			children = (
				A0A0B6442211B8F900810FDF /* Base */,
			);
			name = Main.storyboard;
			sourceTree = "<group>";
		};
		A0A0B64B2211B8FA00810FDF /* LaunchScreen.storyboard */ = {
			isa = PBXVariantGroup;
			children = (
				A0A0B64C2211B8FA00810FDF /* Base */,
			);
			name = LaunchScreen.storyboard;
			sourceTree = "<group>";
		};
/* End PBXVariantGroup section */

/* Begin XCBuildConfiguration section */
		A0A0B64F2211B8FA00810FDF /* Debug */ = {
			isa = XCBuildConfiguration;
			buildSettings = {
				ALWAYS_SEARCH_USER_PATHS = NO;
				CLANG_ANALYZER_NONNULL = YES;
				CLANG_ANALYZER_NUMBER_OBJECT_CONVERSION = YES_AGGRESSIVE;
				CLANG_CXX_LANGUAGE_STANDARD = "gnu++14";
				CLANG_CXX_LIBRARY = "libc++";
				CLANG_ENABLE_MODULES = YES;
				CLANG_ENABLE_OBJC_ARC = YES;
				CLANG_ENABLE_OBJC_WEAK = YES;
				CLANG_WARN_BLOCK_CAPTURE_AUTORELEASING = YES;
				CLANG_WARN_BOOL_CONVERSION = YES;
				CLANG_WARN_COMMA = YES;
				CLANG_WARN_CONSTANT_CONVERSION = YES;
				CLANG_WARN_DEPRECATED_OBJC_IMPLEMENTATIONS = YES;
				CLANG_WARN_DIRECT_OBJC_ISA_USAGE = YES_ERROR;
				CLANG_WARN_DOCUMENTATION_COMMENTS = YES;
				CLANG_WARN_EMPTY_BODY = YES;
				CLANG_WARN_ENUM_CONVERSION = YES;
				CLANG_WARN_INFINITE_RECURSION = YES;
				CLANG_WARN_INT_CONVERSION = YES;
				CLANG_WARN_NON_LITERAL_NULL_CONVERSION = YES;
				CLANG_WARN_OBJC_IMPLICIT_RETAIN_SELF = YES;
				CLANG_WARN_OBJC_LITERAL_CONVERSION = YES;
				CLANG_WARN_OBJC_ROOT_CLASS = YES_ERROR;
				CLANG_WARN_RANGE_LOOP_ANALYSIS = YES;
				CLANG_WARN_STRICT_PROTOTYPES = YES;
				CLANG_WARN_SUSPICIOUS_MOVE = YES;
				CLANG_WARN_UNGUARDED_AVAILABILITY = YES_AGGRESSIVE;
				CLANG_WARN_UNREACHABLE_CODE = YES;
				CLANG_WARN__DUPLICATE_METHOD_MATCH = YES;
				CODE_SIGN_IDENTITY = "iPhone Developer";
				COPY_PHASE_STRIP = NO;
				DEBUG_INFORMATION_FORMAT = dwarf;
				ENABLE_STRICT_OBJC_MSGSEND = YES;
				ENABLE_TESTABILITY = YES;
				GCC_C_LANGUAGE_STANDARD = gnu11;
				GCC_DYNAMIC_NO_PIC = NO;
				GCC_NO_COMMON_BLOCKS = YES;
				GCC_OPTIMIZATION_LEVEL = 0;
				GCC_PREPROCESSOR_DEFINITIONS = (
					"DEBUG=1",
					"$(inherited)",
				);
				GCC_WARN_64_TO_32_BIT_CONVERSION = YES;
				GCC_WARN_ABOUT_RETURN_TYPE = YES_ERROR;
				GCC_WARN_UNDECLARED_SELECTOR = YES;
				GCC_WARN_UNINITIALIZED_AUTOS = YES_AGGRESSIVE;
				GCC_WARN_UNUSED_FUNCTION = YES;
				GCC_WARN_UNUSED_VARIABLE = YES;
				IPHONEOS_DEPLOYMENT_TARGET = 12.1;
				MTL_ENABLE_DEBUG_INFO = INCLUDE_SOURCE;
				MTL_FAST_MATH = YES;
				ONLY_ACTIVE_ARCH = YES;
				SDKROOT = iphoneos;
				SWIFT_ACTIVE_COMPILATION_CONDITIONS = DEBUG;
				SWIFT_OPTIMIZATION_LEVEL = "-Onone";
			};
			name = Debug;
		};
		A0A0B6502211B8FA00810FDF /* Release */ = {
			isa = XCBuildConfiguration;
			buildSettings = {
				ALWAYS_SEARCH_USER_PATHS = NO;
				CLANG_ANALYZER_NONNULL = YES;
				CLANG_ANALYZER_NUMBER_OBJECT_CONVERSION = YES_AGGRESSIVE;
				CLANG_CXX_LANGUAGE_STANDARD = "gnu++14";
				CLANG_CXX_LIBRARY = "libc++";
				CLANG_ENABLE_MODULES = YES;
				CLANG_ENABLE_OBJC_ARC = YES;
				CLANG_ENABLE_OBJC_WEAK = YES;
				CLANG_WARN_BLOCK_CAPTURE_AUTORELEASING = YES;
				CLANG_WARN_BOOL_CONVERSION = YES;
				CLANG_WARN_COMMA = YES;
				CLANG_WARN_CONSTANT_CONVERSION = YES;
				CLANG_WARN_DEPRECATED_OBJC_IMPLEMENTATIONS = YES;
				CLANG_WARN_DIRECT_OBJC_ISA_USAGE = YES_ERROR;
				CLANG_WARN_DOCUMENTATION_COMMENTS = YES;
				CLANG_WARN_EMPTY_BODY = YES;
				CLANG_WARN_ENUM_CONVERSION = YES;
				CLANG_WARN_INFINITE_RECURSION = YES;
				CLANG_WARN_INT_CONVERSION = YES;
				CLANG_WARN_NON_LITERAL_NULL_CONVERSION = YES;
				CLANG_WARN_OBJC_IMPLICIT_RETAIN_SELF = YES;
				CLANG_WARN_OBJC_LITERAL_CONVERSION = YES;
				CLANG_WARN_OBJC_ROOT_CLASS = YES_ERROR;
				CLANG_WARN_RANGE_LOOP_ANALYSIS = YES;
				CLANG_WARN_STRICT_PROTOTYPES = YES;
				CLANG_WARN_SUSPICIOUS_MOVE = YES;
				CLANG_WARN_UNGUARDED_AVAILABILITY = YES_AGGRESSIVE;
				CLANG_WARN_UNREACHABLE_CODE = YES;
				CLANG_WARN__DUPLICATE_METHOD_MATCH = YES;
				CODE_SIGN_IDENTITY = "iPhone Developer";
				COPY_PHASE_STRIP = NO;
				DEBUG_INFORMATION_FORMAT = "dwarf-with-dsym";
				ENABLE_NS_ASSERTIONS = NO;
				ENABLE_STRICT_OBJC_MSGSEND = YES;
				GCC_C_LANGUAGE_STANDARD = gnu11;
				GCC_NO_COMMON_BLOCKS = YES;
				GCC_WARN_64_TO_32_BIT_CONVERSION = YES;
				GCC_WARN_ABOUT_RETURN_TYPE = YES_ERROR;
				GCC_WARN_UNDECLARED_SELECTOR = YES;
				GCC_WARN_UNINITIALIZED_AUTOS = YES_AGGRESSIVE;
				GCC_WARN_UNUSED_FUNCTION = YES;
				GCC_WARN_UNUSED_VARIABLE = YES;
				IPHONEOS_DEPLOYMENT_TARGET = 12.1;
				MTL_ENABLE_DEBUG_INFO = NO;
				MTL_FAST_MATH = YES;
				SDKROOT = iphoneos;
				SWIFT_COMPILATION_MODE = wholemodule;
				SWIFT_OPTIMIZATION_LEVEL = "-O";
				VALIDATE_PRODUCT = YES;
			};
			name = Release;
		};
		A0A0B6522211B8FA00810FDF /* Debug */ = {
			isa = XCBuildConfiguration;
			buildSettings = {
				ASSETCATALOG_COMPILER_APPICON_NAME = AppIcon;
				CODE_SIGN_STYLE = Automatic;
				INFOPLIST_FILE = "Route-iOS/Info.plist";
				LD_RUNPATH_SEARCH_PATHS = (
					"$(inherited)",
					"@executable_path/Frameworks",
				);
				PRODUCT_BUNDLE_IDENTIFIER = "UNH-MVastarelli.Route-iOS";
				PRODUCT_NAME = "$(TARGET_NAME)";
				SWIFT_VERSION = 4.2;
				TARGETED_DEVICE_FAMILY = "1,2";
			};
			name = Debug;
		};
		A0A0B6532211B8FA00810FDF /* Release */ = {
			isa = XCBuildConfiguration;
			buildSettings = {
				ASSETCATALOG_COMPILER_APPICON_NAME = AppIcon;
				CODE_SIGN_STYLE = Automatic;
				INFOPLIST_FILE = "Route-iOS/Info.plist";
				LD_RUNPATH_SEARCH_PATHS = (
					"$(inherited)",
					"@executable_path/Frameworks",
				);
				PRODUCT_BUNDLE_IDENTIFIER = "UNH-MVastarelli.Route-iOS";
				PRODUCT_NAME = "$(TARGET_NAME)";
				SWIFT_VERSION = 4.2;
				TARGETED_DEVICE_FAMILY = "1,2";
			};
			name = Release;
		};
/* End XCBuildConfiguration section */

/* Begin XCConfigurationList section */
		A0A0B6372211B8F900810FDF /* Build configuration list for PBXProject "Route-iOS" */ = {
			isa = XCConfigurationList;
			buildConfigurations = (
				A0A0B64F2211B8FA00810FDF /* Debug */,
				A0A0B6502211B8FA00810FDF /* Release */,
			);
			defaultConfigurationIsVisible = 0;
			defaultConfigurationName = Release;
		};
		A0A0B6512211B8FA00810FDF /* Build configuration list for PBXNativeTarget "Route-iOS" */ = {
			isa = XCConfigurationList;
			buildConfigurations = (
				A0A0B6522211B8FA00810FDF /* Debug */,
				A0A0B6532211B8FA00810FDF /* Release */,
			);
			defaultConfigurationIsVisible = 0;
			defaultConfigurationName = Release;
		};
/* End XCConfigurationList section */

/* Begin XCVersionGroup section */
		A0A0B6462211B8F900810FDF /* Route_iOS.xcdatamodeld */ = {
			isa = XCVersionGroup;
			children = (
				A0A0B6472211B8F900810FDF /* Route_iOS.xcdatamodel */,
			);
			currentVersion = A0A0B6472211B8F900810FDF /* Route_iOS.xcdatamodel */;
			path = Route_iOS.xcdatamodeld;
			sourceTree = "<group>";
			versionGroupType = wrapper.xcdatamodel;
		};
/* End XCVersionGroup section */
	};
	rootObject = A0A0B6342211B8F900810FDF /* Project object */;
}
